// !$*UTF8*$!
{
	archiveVersion = 1;
	classes = {
	};
	objectVersion = 46;
	objects = {

/* Begin PBXBuildFile section */
		92642273185CCED500869317 /* SettingsViewController.m in Sources */ = {isa = PBXBuildFile; fileRef = 92642271185CCED500869317 /* SettingsViewController.m */; };
		92642274185CCED500869317 /* SettingsViewController.xib in Resources */ = {isa = PBXBuildFile; fileRef = 92642272185CCED500869317 /* SettingsViewController.xib */; };
		92C83031184EFD85004641F7 /* Foundation.framework in Frameworks */ = {isa = PBXBuildFile; fileRef = 92C83030184EFD85004641F7 /* Foundation.framework */; };
		92C83033184EFD85004641F7 /* CoreGraphics.framework in Frameworks */ = {isa = PBXBuildFile; fileRef = 92C83032184EFD85004641F7 /* CoreGraphics.framework */; };
		92C83035184EFD85004641F7 /* UIKit.framework in Frameworks */ = {isa = PBXBuildFile; fileRef = 92C83034184EFD85004641F7 /* UIKit.framework */; };
		92C8303B184EFD85004641F7 /* InfoPlist.strings in Resources */ = {isa = PBXBuildFile; fileRef = 92C83039184EFD85004641F7 /* InfoPlist.strings */; };
		92C8303D184EFD85004641F7 /* main.m in Sources */ = {isa = PBXBuildFile; fileRef = 92C8303C184EFD85004641F7 /* main.m */; };
		92C83041184EFD85004641F7 /* AppDelegate.m in Sources */ = {isa = PBXBuildFile; fileRef = 92C83040184EFD85004641F7 /* AppDelegate.m */; };
		92C83043184EFD85004641F7 /* Images.xcassets in Resources */ = {isa = PBXBuildFile; fileRef = 92C83042184EFD85004641F7 /* Images.xcassets */; };
		92C8304A184EFD85004641F7 /* XCTest.framework in Frameworks */ = {isa = PBXBuildFile; fileRef = 92C83049184EFD85004641F7 /* XCTest.framework */; };
		92C8304B184EFD85004641F7 /* Foundation.framework in Frameworks */ = {isa = PBXBuildFile; fileRef = 92C83030184EFD85004641F7 /* Foundation.framework */; };
		92C8304C184EFD85004641F7 /* UIKit.framework in Frameworks */ = {isa = PBXBuildFile; fileRef = 92C83034184EFD85004641F7 /* UIKit.framework */; };
		92C83054184EFD85004641F7 /* InfoPlist.strings in Resources */ = {isa = PBXBuildFile; fileRef = 92C83052184EFD85004641F7 /* InfoPlist.strings */; };
		92C83056184EFD85004641F7 /* tipcalculatorTests.m in Sources */ = {isa = PBXBuildFile; fileRef = 92C83055184EFD85004641F7 /* tipcalculatorTests.m */; };
		92C83062184EFE57004641F7 /* TipViewController.m in Sources */ = {isa = PBXBuildFile; fileRef = 92C83060184EFE57004641F7 /* TipViewController.m */; };
		92C83063184EFE57004641F7 /* TipViewController.xib in Resources */ = {isa = PBXBuildFile; fileRef = 92C83061184EFE57004641F7 /* TipViewController.xib */; };
/* End PBXBuildFile section */

/* Begin PBXContainerItemProxy section */
		92C8304D184EFD85004641F7 /* PBXContainerItemProxy */ = {
			isa = PBXContainerItemProxy;
			containerPortal = 92C83025184EFD85004641F7 /* Project object */;
			proxyType = 1;
			remoteGlobalIDString = 92C8302C184EFD85004641F7;
			remoteInfo = tipcalculator;
		};
/* End PBXContainerItemProxy section */

/* Begin PBXFileReference section */
		92642270185CCED500869317 /* SettingsViewController.h */ = {isa = PBXFileReference; fileEncoding = 4; lastKnownFileType = sourcecode.c.h; path = SettingsViewController.h; sourceTree = "<group>"; };
		92642271185CCED500869317 /* SettingsViewController.m */ = {isa = PBXFileReference; fileEncoding = 4; lastKnownFileType = sourcecode.c.objc; path = SettingsViewController.m; sourceTree = "<group>"; };
		92642272185CCED500869317 /* SettingsViewController.xib */ = {isa = PBXFileReference; fileEncoding = 4; lastKnownFileType = file.xib; path = SettingsViewController.xib; sourceTree = "<group>"; };
		92C8302D184EFD85004641F7 /* tipcalculator.app */ = {isa = PBXFileReference; explicitFileType = wrapper.application; includeInIndex = 0; path = tipcalculator.app; sourceTree = BUILT_PRODUCTS_DIR; };
		92C83030184EFD85004641F7 /* Foundation.framework */ = {isa = PBXFileReference; lastKnownFileType = wrapper.framework; name = Foundation.framework; path = System/Library/Frameworks/Foundation.framework; sourceTree = SDKROOT; };
		92C83032184EFD85004641F7 /* CoreGraphics.framework */ = {isa = PBXFileReference; lastKnownFileType = wrapper.framework; name = CoreGraphics.framework; path = System/Library/Frameworks/CoreGraphics.framework; sourceTree = SDKROOT; };
		92C83034184EFD85004641F7 /* UIKit.framework */ = {isa = PBXFileReference; lastKnownFileType = wrapper.framework; name = UIKit.framework; path = System/Library/Frameworks/UIKit.framework; sourceTree = SDKROOT; };
		92C83038184EFD85004641F7 /* tipcalculator-Info.plist */ = {isa = PBXFileReference; lastKnownFileType = text.plist.xml; path = "tipcalculator-Info.plist"; sourceTree = "<group>"; };
		92C8303A184EFD85004641F7 /* en */ = {isa = PBXFileReference; lastKnownFileType = text.plist.strings; name = en; path = en.lproj/InfoPlist.strings; sourceTree = "<group>"; };
		92C8303C184EFD85004641F7 /* main.m */ = {isa = PBXFileReference; lastKnownFileType = sourcecode.c.objc; path = main.m; sourceTree = "<group>"; };
		92C8303E184EFD85004641F7 /* tipcalculator-Prefix.pch */ = {isa = PBXFileReference; lastKnownFileType = sourcecode.c.h; path = "tipcalculator-Prefix.pch"; sourceTree = "<group>"; };
		92C8303F184EFD85004641F7 /* AppDelegate.h */ = {isa = PBXFileReference; lastKnownFileType = sourcecode.c.h; path = AppDelegate.h; sourceTree = "<group>"; };
		92C83040184EFD85004641F7 /* AppDelegate.m */ = {isa = PBXFileReference; lastKnownFileType = sourcecode.c.objc; path = AppDelegate.m; sourceTree = "<group>"; };
		92C83042184EFD85004641F7 /* Images.xcassets */ = {isa = PBXFileReference; lastKnownFileType = folder.assetcatalog; path = Images.xcassets; sourceTree = "<group>"; };
		92C83048184EFD85004641F7 /* tipcalculatorTests.xctest */ = {isa = PBXFileReference; explicitFileType = wrapper.cfbundle; includeInIndex = 0; path = tipcalculatorTests.xctest; sourceTree = BUILT_PRODUCTS_DIR; };
		92C83049184EFD85004641F7 /* XCTest.framework */ = {isa = PBXFileReference; lastKnownFileType = wrapper.framework; name = XCTest.framework; path = Library/Frameworks/XCTest.framework; sourceTree = DEVELOPER_DIR; };
		92C83051184EFD85004641F7 /* tipcalculatorTests-Info.plist */ = {isa = PBXFileReference; lastKnownFileType = text.plist.xml; path = "tipcalculatorTests-Info.plist"; sourceTree = "<group>"; };
		92C83053184EFD85004641F7 /* en */ = {isa = PBXFileReference; lastKnownFileType = text.plist.strings; name = en; path = en.lproj/InfoPlist.strings; sourceTree = "<group>"; };
		92C83055184EFD85004641F7 /* tipcalculatorTests.m */ = {isa = PBXFileReference; lastKnownFileType = sourcecode.c.objc; path = tipcalculatorTests.m; sourceTree = "<group>"; };
		92C8305F184EFE57004641F7 /* TipViewController.h */ = {isa = PBXFileReference; fileEncoding = 4; lastKnownFileType = sourcecode.c.h; path = TipViewController.h; sourceTree = "<group>"; };
		92C83060184EFE57004641F7 /* TipViewController.m */ = {isa = PBXFileReference; fileEncoding = 4; lastKnownFileType = sourcecode.c.objc; path = TipViewController.m; sourceTree = "<group>"; };
		92C83061184EFE57004641F7 /* TipViewController.xib */ = {isa = PBXFileReference; fileEncoding = 4; lastKnownFileType = file.xib; path = TipViewController.xib; sourceTree = "<group>"; };
/* End PBXFileReference section */

/* Begin PBXFrameworksBuildPhase section */
		92C8302A184EFD85004641F7 /* Frameworks */ = {
			isa = PBXFrameworksBuildPhase;
			buildActionMask = 2147483647;
			files = (
				92C83033184EFD85004641F7 /* CoreGraphics.framework in Frameworks */,
				92C83035184EFD85004641F7 /* UIKit.framework in Frameworks */,
				92C83031184EFD85004641F7 /* Foundation.framework in Frameworks */,
			);
			runOnlyForDeploymentPostprocessing = 0;
		};
		92C83045184EFD85004641F7 /* Frameworks */ = {
			isa = PBXFrameworksBuildPhase;
			buildActionMask = 2147483647;
			files = (
				92C8304A184EFD85004641F7 /* XCTest.framework in Frameworks */,
				92C8304C184EFD85004641F7 /* UIKit.framework in Frameworks */,
				92C8304B184EFD85004641F7 /* Foundation.framework in Frameworks */,
			);
			runOnlyForDeploymentPostprocessing = 0;
		};
/* End PBXFrameworksBuildPhase section */

/* Begin PBXGroup section */
		92C83024184EFD85004641F7 = {
			isa = PBXGroup;
			children = (
				92C83036184EFD85004641F7 /* tipcalculator */,
				92C8304F184EFD85004641F7 /* tipcalculatorTests */,
				92C8302F184EFD85004641F7 /* Frameworks */,
				92C8302E184EFD85004641F7 /* Products */,
			);
			sourceTree = "<group>";
		};
		92C8302E184EFD85004641F7 /* Products */ = {
			isa = PBXGroup;
			children = (
				92C8302D184EFD85004641F7 /* tipcalculator.app */,
				92C83048184EFD85004641F7 /* tipcalculatorTests.xctest */,
			);
			name = Products;
			sourceTree = "<group>";
		};
		92C8302F184EFD85004641F7 /* Frameworks */ = {
			isa = PBXGroup;
			children = (
				92C83030184EFD85004641F7 /* Foundation.framework */,
				92C83032184EFD85004641F7 /* CoreGraphics.framework */,
				92C83034184EFD85004641F7 /* UIKit.framework */,
				92C83049184EFD85004641F7 /* XCTest.framework */,
			);
			name = Frameworks;
			sourceTree = "<group>";
		};
		92C83036184EFD85004641F7 /* tipcalculator */ = {
			isa = PBXGroup;
			children = (
				92C8303F184EFD85004641F7 /* AppDelegate.h */,
				92C83040184EFD85004641F7 /* AppDelegate.m */,
				92C83042184EFD85004641F7 /* Images.xcassets */,
				92C83037184EFD85004641F7 /* Supporting Files */,
				92C8305F184EFE57004641F7 /* TipViewController.h */,
				92C83060184EFE57004641F7 /* TipViewController.m */,
				92C83061184EFE57004641F7 /* TipViewController.xib */,
				92642270185CCED500869317 /* SettingsViewController.h */,
				92642271185CCED500869317 /* SettingsViewController.m */,
				92642272185CCED500869317 /* SettingsViewController.xib */,
			);
			path = tipcalculator;
			sourceTree = "<group>";
		};
		92C83037184EFD85004641F7 /* Supporting Files */ = {
			isa = PBXGroup;
			children = (
				92C83038184EFD85004641F7 /* tipcalculator-Info.plist */,
				92C83039184EFD85004641F7 /* InfoPlist.strings */,
				92C8303C184EFD85004641F7 /* main.m */,
				92C8303E184EFD85004641F7 /* tipcalculator-Prefix.pch */,
			);
			name = "Supporting Files";
			sourceTree = "<group>";
		};
		92C8304F184EFD85004641F7 /* tipcalculatorTests */ = {
			isa = PBXGroup;
			children = (
				92C83055184EFD85004641F7 /* tipcalculatorTests.m */,
				92C83050184EFD85004641F7 /* Supporting Files */,
			);
			path = tipcalculatorTests;
			sourceTree = "<group>";
		};
		92C83050184EFD85004641F7 /* Supporting Files */ = {
			isa = PBXGroup;
			children = (
				92C83051184EFD85004641F7 /* tipcalculatorTests-Info.plist */,
				92C83052184EFD85004641F7 /* InfoPlist.strings */,
			);
			name = "Supporting Files";
			sourceTree = "<group>";
		};
/* End PBXGroup section */

/* Begin PBXNativeTarget section */
		92C8302C184EFD85004641F7 /* tipcalculator */ = {
			isa = PBXNativeTarget;
			buildConfigurationList = 92C83059184EFD85004641F7 /* Build configuration list for PBXNativeTarget "tipcalculator" */;
			buildPhases = (
				92C83029184EFD85004641F7 /* Sources */,
				92C8302A184EFD85004641F7 /* Frameworks */,
				92C8302B184EFD85004641F7 /* Resources */,
			);
			buildRules = (
			);
			dependencies = (
			);
			name = tipcalculator;
			productName = tipcalculator;
			productReference = 92C8302D184EFD85004641F7 /* tipcalculator.app */;
			productType = "com.apple.product-type.application";
		};
		92C83047184EFD85004641F7 /* tipcalculatorTests */ = {
			isa = PBXNativeTarget;
			buildConfigurationList = 92C8305C184EFD85004641F7 /* Build configuration list for PBXNativeTarget "tipcalculatorTests" */;
			buildPhases = (
				92C83044184EFD85004641F7 /* Sources */,
				92C83045184EFD85004641F7 /* Frameworks */,
				92C83046184EFD85004641F7 /* Resources */,
			);
			buildRules = (
			);
			dependencies = (
				92C8304E184EFD85004641F7 /* PBXTargetDependency */,
			);
			name = tipcalculatorTests;
			productName = tipcalculatorTests;
			productReference = 92C83048184EFD85004641F7 /* tipcalculatorTests.xctest */;
			productType = "com.apple.product-type.bundle.unit-test";
		};
/* End PBXNativeTarget section */

/* Begin PBXProject section */
		92C83025184EFD85004641F7 /* Project object */ = {
			isa = PBXProject;
			attributes = {
				LastUpgradeCheck = 0500;
				ORGANIZATIONNAME = "Angus Huang";
				TargetAttributes = {
					92C83047184EFD85004641F7 = {
						TestTargetID = 92C8302C184EFD85004641F7;
					};
				};
			};
			buildConfigurationList = 92C83028184EFD85004641F7 /* Build configuration list for PBXProject "tipcalculator" */;
			compatibilityVersion = "Xcode 3.2";
			developmentRegion = English;
			hasScannedForEncodings = 0;
			knownRegions = (
				en,
			);
			mainGroup = 92C83024184EFD85004641F7;
			productRefGroup = 92C8302E184EFD85004641F7 /* Products */;
			projectDirPath = "";
			projectRoot = "";
			targets = (
				92C8302C184EFD85004641F7 /* tipcalculator */,
				92C83047184EFD85004641F7 /* tipcalculatorTests */,
			);
		};
/* End PBXProject section */

/* Begin PBXResourcesBuildPhase section */
		92C8302B184EFD85004641F7 /* Resources */ = {
			isa = PBXResourcesBuildPhase;
			buildActionMask = 2147483647;
			files = (
				92C83063184EFE57004641F7 /* TipViewController.xib in Resources */,
				92C8303B184EFD85004641F7 /* InfoPlist.strings in Resources */,
				92C83043184EFD85004641F7 /* Images.xcassets in Resources */,
				92642274185CCED500869317 /* SettingsViewController.xib in Resources */,
			);
			runOnlyForDeploymentPostprocessing = 0;
		};
		92C83046184EFD85004641F7 /* Resources */ = {
			isa = PBXResourcesBuildPhase;
			buildActionMask = 2147483647;
			files = (
				92C83054184EFD85004641F7 /* InfoPlist.strings in Resources */,
			);
			runOnlyForDeploymentPostprocessing = 0;
		};
/* End PBXResourcesBuildPhase section */

/* Begin PBXSourcesBuildPhase section */
		92C83029184EFD85004641F7 /* Sources */ = {
			isa = PBXSourcesBuildPhase;
			buildActionMask = 2147483647;
			files = (
				92C83041184EFD85004641F7 /* AppDelegate.m in Sources */,
				92C83062184EFE57004641F7 /* TipViewController.m in Sources */,
				92C8303D184EFD85004641F7 /* main.m in Sources */,
				92642273185CCED500869317 /* SettingsViewController.m in Sources */,
			);
			runOnlyForDeploymentPostprocessing = 0;
		};
		92C83044184EFD85004641F7 /* Sources */ = {
			isa = PBXSourcesBuildPhase;
			buildActionMask = 2147483647;
			files = (
				92C83056184EFD85004641F7 /* tipcalculatorTests.m in Sources */,
			);
			runOnlyForDeploymentPostprocessing = 0;
		};
/* End PBXSourcesBuildPhase section */

/* Begin PBXTargetDependency section */
		92C8304E184EFD85004641F7 /* PBXTargetDependency */ = {
			isa = PBXTargetDependency;
			target = 92C8302C184EFD85004641F7 /* tipcalculator */;
			targetProxy = 92C8304D184EFD85004641F7 /* PBXContainerItemProxy */;
		};
/* End PBXTargetDependency section */

/* Begin PBXVariantGroup section */
		92C83039184EFD85004641F7 /* InfoPlist.strings */ = {
			isa = PBXVariantGroup;
			children = (
				92C8303A184EFD85004641F7 /* en */,
			);
			name = InfoPlist.strings;
			sourceTree = "<group>";
		};
		92C83052184EFD85004641F7 /* InfoPlist.strings */ = {
			isa = PBXVariantGroup;
			children = (
				92C83053184EFD85004641F7 /* en */,
			);
			name = InfoPlist.strings;
			sourceTree = "<group>";
		};
/* End PBXVariantGroup section */

/* Begin XCBuildConfiguration section */
		92C83057184EFD85004641F7 /* Debug */ = {
			isa = XCBuildConfiguration;
			buildSettings = {
				ALWAYS_SEARCH_USER_PATHS = NO;
				ARCHS = "$(ARCHS_STANDARD_INCLUDING_64_BIT)";
				CLANG_CXX_LANGUAGE_STANDARD = "gnu++0x";
				CLANG_CXX_LIBRARY = "libc++";
				CLANG_ENABLE_MODULES = YES;
				CLANG_ENABLE_OBJC_ARC = YES;
				CLANG_WARN_BOOL_CONVERSION = YES;
				CLANG_WARN_CONSTANT_CONVERSION = YES;
				CLANG_WARN_DIRECT_OBJC_ISA_USAGE = YES_ERROR;
				CLANG_WARN_EMPTY_BODY = YES;
				CLANG_WARN_ENUM_CONVERSION = YES;
				CLANG_WARN_INT_CONVERSION = YES;
				CLANG_WARN_OBJC_ROOT_CLASS = YES_ERROR;
				CLANG_WARN__DUPLICATE_METHOD_MATCH = YES;
				"CODE_SIGN_IDENTITY[sdk=iphoneos*]" = "iPhone Developer";
				COPY_PHASE_STRIP = NO;
				GCC_C_LANGUAGE_STANDARD = gnu99;
				GCC_DYNAMIC_NO_PIC = NO;
				GCC_OPTIMIZATION_LEVEL = 0;
				GCC_PREPROCESSOR_DEFINITIONS = (
					"DEBUG=1",
					"$(inherited)",
				);
				GCC_SYMBOLS_PRIVATE_EXTERN = NO;
				GCC_WARN_64_TO_32_BIT_CONVERSION = YES;
				GCC_WARN_ABOUT_RETURN_TYPE = YES_ERROR;
				GCC_WARN_UNDECLARED_SELECTOR = YES;
				GCC_WARN_UNINITIALIZED_AUTOS = YES;
				GCC_WARN_UNUSED_FUNCTION = YES;
				GCC_WARN_UNUSED_VARIABLE = YES;
				IPHONEOS_DEPLOYMENT_TARGET = 7.0;
				ONLY_ACTIVE_ARCH = YES;
				SDKROOT = iphoneos;
			};
			name = Debug;
		};
		92C83058184EFD85004641F7 /* Release */ = {
			isa = XCBuildConfiguration;
			buildSettings = {
				ALWAYS_SEARCH_USER_PATHS = NO;
				ARCHS = "$(ARCHS_STANDARD_INCLUDING_64_BIT)";
				CLANG_CXX_LANGUAGE_STANDARD = "gnu++0x";
				CLANG_CXX_LIBRARY = "libc++";
				CLANG_ENABLE_MODULES = YES;
				CLANG_ENABLE_OBJC_ARC = YES;
				CLANG_WARN_BOOL_CONVERSION = YES;
				CLANG_WARN_CONSTANT_CONVERSION = YES;
				CLANG_WARN_DIRECT_OBJC_ISA_USAGE = YES_ERROR;
				CLANG_WARN_EMPTY_BODY = YES;
				CLANG_WARN_ENUM_CONVERSION = YES;
				CLANG_WARN_INT_CONVERSION = YES;
				CLANG_WARN_OBJC_ROOT_CLASS = YES_ERROR;
				CLANG_WARN__DUPLICATE_METHOD_MATCH = YES;
				"CODE_SIGN_IDENTITY[sdk=iphoneos*]" = "iPhone Developer";
				COPY_PHASE_STRIP = YES;
				ENABLE_NS_ASSERTIONS = NO;
				GCC_C_LANGUAGE_STANDARD = gnu99;
				GCC_WARN_64_TO_32_BIT_CONVERSION = YES;
				GCC_WARN_ABOUT_RETURN_TYPE = YES_ERROR;
				GCC_WARN_UNDECLARED_SELECTOR = YES;
				GCC_WARN_UNINITIALIZED_AUTOS = YES;
				GCC_WARN_UNUSED_FUNCTION = YES;
				GCC_WARN_UNUSED_VARIABLE = YES;
				IPHONEOS_DEPLOYMENT_TARGET = 7.0;
				SDKROOT = iphoneos;
				VALIDATE_PRODUCT = YES;
			};
			name = Release;
		};
		92C8305A184EFD85004641F7 /* Debug */ = {
			isa = XCBuildConfiguration;
			buildSettings = {
				ASSETCATALOG_COMPILER_APPICON_NAME = AppIcon;
				ASSETCATALOG_COMPILER_LAUNCHIMAGE_NAME = LaunchImage;
				GCC_PRECOMPILE_PREFIX_HEADER = YES;
				GCC_PREFIX_HEADER = "tipcalculator/tipcalculator-Prefix.pch";
				INFOPLIST_FILE = "tipcalculator/tipcalculator-Info.plist";
				PRODUCT_NAME = "$(TARGET_NAME)";
				WRAPPER_EXTENSION = app;
			};
			name = Debug;
		};
		92C8305B184EFD85004641F7 /* Release */ = {
			isa = XCBuildConfiguration;
			buildSettings = {
				ASSETCATALOG_COMPILER_APPICON_NAME = AppIcon;
				ASSETCATALOG_COMPILER_LAUNCHIMAGE_NAME = LaunchImage;
				GCC_PRECOMPILE_PREFIX_HEADER = YES;
				GCC_PREFIX_HEADER = "tipcalculator/tipcalculator-Prefix.pch";
				INFOPLIST_FILE = "tipcalculator/tipcalculator-Info.plist";
				PRODUCT_NAME = "$(TARGET_NAME)";
				WRAPPER_EXTENSION = app;
			};
			name = Release;
		};
		92C8305D184EFD85004641F7 /* Debug */ = {
			isa = XCBuildConfiguration;
			buildSettings = {
				ARCHS = "$(ARCHS_STANDARD_INCLUDING_64_BIT)";
				BUNDLE_LOADER = "$(BUILT_PRODUCTS_DIR)/tipcalculator.app/tipcalculator";
				FRAMEWORK_SEARCH_PATHS = (
					"$(SDKROOT)/Developer/Library/Frameworks",
					"$(inherited)",
					"$(DEVELOPER_FRAMEWORKS_DIR)",
				);
				GCC_PRECOMPILE_PREFIX_HEADER = YES;
				GCC_PREFIX_HEADER = "tipcalculator/tipcalculator-Prefix.pch";
				GCC_PREPROCESSOR_DEFINITIONS = (
					"DEBUG=1",
					"$(inherited)",
				);
				INFOPLIST_FILE = "tipcalculatorTests/tipcalculatorTests-Info.plist";
				PRODUCT_NAME = "$(TARGET_NAME)";
				TEST_HOST = "$(BUNDLE_LOADER)";
				WRAPPER_EXTENSION = xctest;
			};
			name = Debug;
		};
		92C8305E184EFD85004641F7 /* Release */ = {
			isa = XCBuildConfiguration;
			buildSettings = {
				ARCHS = "$(ARCHS_STANDARD_INCLUDING_64_BIT)";
				BUNDLE_LOADER = "$(BUILT_PRODUCTS_DIR)/tipcalculator.app/tipcalculator";
				FRAMEWORK_SEARCH_PATHS = (
					"$(SDKROOT)/Developer/Library/Frameworks",
					"$(inherited)",
					"$(DEVELOPER_FRAMEWORKS_DIR)",
				);
				GCC_PRECOMPILE_PREFIX_HEADER = YES;
				GCC_PREFIX_HEADER = "tipcalculator/tipcalculator-Prefix.pch";
				INFOPLIST_FILE = "tipcalculatorTests/tipcalculatorTests-Info.plist";
				PRODUCT_NAME = "$(TARGET_NAME)";
				TEST_HOST = "$(BUNDLE_LOADER)";
				WRAPPER_EXTENSION = xctest;
			};
			name = Release;
		};
/* End XCBuildConfiguration section */

/* Begin XCConfigurationList section */
		92C83028184EFD85004641F7 /* Build configuration list for PBXProject "tipcalculator" */ = {
			isa = XCConfigurationList;
			buildConfigurations = (
				92C83057184EFD85004641F7 /* Debug */,
				92C83058184EFD85004641F7 /* Release */,
			);
			defaultConfigurationIsVisible = 0;
			defaultConfigurationName = Release;
		};
		92C83059184EFD85004641F7 /* Build configuration list for PBXNativeTarget "tipcalculator" */ = {
			isa = XCConfigurationList;
			buildConfigurations = (
				92C8305A184EFD85004641F7 /* Debug */,
				92C8305B184EFD85004641F7 /* Release */,
			);
			defaultConfigurationIsVisible = 0;
			defaultConfigurationName = Release;
		};
		92C8305C184EFD85004641F7 /* Build configuration list for PBXNativeTarget "tipcalculatorTests" */ = {
			isa = XCConfigurationList;
			buildConfigurations = (
				92C8305D184EFD85004641F7 /* Debug */,
				92C8305E184EFD85004641F7 /* Release */,
			);
			defaultConfigurationIsVisible = 0;
			defaultConfigurationName = Release;
		};
/* End XCConfigurationList section */
	};
	rootObject = 92C83025184EFD85004641F7 /* Project object */;
}
